
Microsoft Visual Studio Solution File, Format Version 12.00
# Visual Studio Version 16
VisualStudioVersion = 16.0.31605.320
MinimumVisualStudioVersion = 10.0.40219.1
Project("{FAE04EC0-301F-11D3-BF4B-00C04F79EFBC}") = "RangeSizedatatype", "RangeSizedatatype\RangeSizedatatype.csproj", "{BB9E7982-6B13-432E-BC95-C3828F81E20A}"
EndProject
Global
	GlobalSection(SolutionConfigurationPlatforms) = preSolution
		Debug|Any CPU = Debug|Any CPU
		Release|Any CPU = Release|Any CPU
	EndGlobalSection
	GlobalSection(ProjectConfigurationPlatforms) = postSolution
		{BB9E7982-6B13-432E-BC95-C3828F81E20A}.Debug|Any CPU.ActiveCfg = Debug|Any CPU
		{BB9E7982-6B13-432E-BC95-C3828F81E20A}.Debug|Any CPU.Build.0 = Debug|Any CPU
		{BB9E7982-6B13-432E-BC95-C3828F81E20A}.Release|Any CPU.ActiveCfg = Release|Any CPU
		{BB9E7982-6B13-432E-BC95-C3828F81E20A}.Release|Any CPU.Build.0 = Release|Any CPU
	EndGlobalSection
	GlobalSection(SolutionProperties) = preSolution
		HideSolutionNode = FALSE
	EndGlobalSection
	GlobalSection(ExtensibilityGlobals) = postSolution
		SolutionGuid = {90DA5AD2-56DA-4DEB-A644-99E4565C5C63}
	EndGlobalSection
EndGlobal
